
Microsoft Visual Studio Solution File, Format Version 12.00
# Visual Studio Version 16
VisualStudioVersion = 16.0.28729.10
MinimumVisualStudioVersion = 10.0.40219.1
Project("{FAE04EC0-301F-11D3-BF4B-00C04F79EFBC}") = "SuperMarket Managment", "SuperMarket Managment\SuperMarket Managment.csproj", "{16D8AAE1-38A8-452B-ACB8-7CA8BF200B1C}"
EndProject
Global
	GlobalSection(SolutionConfigurationPlatforms) = preSolution
		Debug|Any CPU = Debug|Any CPU
		Release|Any CPU = Release|Any CPU
	EndGlobalSection
	GlobalSection(ProjectConfigurationPlatforms) = postSolution
		{16D8AAE1-38A8-452B-ACB8-7CA8BF200B1C}.Debug|Any CPU.ActiveCfg = Debug|Any CPU
		{16D8AAE1-38A8-452B-ACB8-7CA8BF200B1C}.Debug|Any CPU.Build.0 = Debug|Any CPU
		{16D8AAE1-38A8-452B-ACB8-7CA8BF200B1C}.Release|Any CPU.ActiveCfg = Release|Any CPU
		{16D8AAE1-38A8-452B-ACB8-7CA8BF200B1C}.Release|Any CPU.Build.0 = Release|Any CPU
	EndGlobalSection
	GlobalSection(SolutionProperties) = preSolution
		HideSolutionNode = FALSE
	EndGlobalSection
	GlobalSection(ExtensibilityGlobals) = postSolution
		SolutionGuid = {76E9F739-BB7B-4D25-81E8-15917F85B6A5}
	EndGlobalSection
EndGlobal
